
Microsoft Visual Studio Solution File, Format Version 12.00
# Visual Studio 15
VisualStudioVersion = 15.0.26127.0
MinimumVisualStudioVersion = 10.0.40219.1
Project("{FAE04EC0-301F-11D3-BF4B-00C04F79EFBC}") = "Activator", "Activator\Activator.csproj", "{E789D8C9-97BE-47F0-8CA4-9FCB98FCD76E}"
EndProject
Project("{FAE04EC0-301F-11D3-BF4B-00C04F79EFBC}") = "Lib", "Lib\Lib.csproj", "{3F902670-6DF6-48E2-BF4B-9A63301F41C2}"
EndProject
Project("{FAE04EC0-301F-11D3-BF4B-00C04F79EFBC}") = "ChampionTemplate", "ChampionBase\ChampionTemplate.csproj", "{74296D18-18DC-40A0-82F2-4A86D3B76D3A}"
EndProject
Project("{FAE04EC0-301F-11D3-BF4B-00C04F79EFBC}") = "BlackYasuo", "Black Yasuo\BlackYasuo.csproj", "{04BFEB27-681B-4157-8FFB-D0C56AA712E9}"
EndProject
Global
	GlobalSection(SolutionConfigurationPlatforms) = preSolution
		Debug|Any CPU = Debug|Any CPU
		Debug|x64 = Debug|x64
		Debug|x86 = Debug|x86
		Release|Any CPU = Release|Any CPU
		Release|x64 = Release|x64
		Release|x86 = Release|x86
	EndGlobalSection
	GlobalSection(ProjectConfigurationPlatforms) = postSolution
		{E789D8C9-97BE-47F0-8CA4-9FCB98FCD76E}.Debug|Any CPU.ActiveCfg = Debug|Any CPU
		{E789D8C9-97BE-47F0-8CA4-9FCB98FCD76E}.Debug|Any CPU.Build.0 = Debug|Any CPU
		{E789D8C9-97BE-47F0-8CA4-9FCB98FCD76E}.Debug|x64.ActiveCfg = Debug|Any CPU
		{E789D8C9-97BE-47F0-8CA4-9FCB98FCD76E}.Debug|x64.Build.0 = Debug|Any CPU
		{E789D8C9-97BE-47F0-8CA4-9FCB98FCD76E}.Debug|x86.ActiveCfg = Debug|x86
		{E789D8C9-97BE-47F0-8CA4-9FCB98FCD76E}.Debug|x86.Build.0 = Debug|x86
		{E789D8C9-97BE-47F0-8CA4-9FCB98FCD76E}.Release|Any CPU.ActiveCfg = Release|Any CPU
		{E789D8C9-97BE-47F0-8CA4-9FCB98FCD76E}.Release|Any CPU.Build.0 = Release|Any CPU
		{E789D8C9-97BE-47F0-8CA4-9FCB98FCD76E}.Release|x64.ActiveCfg = Release|Any CPU
		{E789D8C9-97BE-47F0-8CA4-9FCB98FCD76E}.Release|x64.Build.0 = Release|Any CPU
		{E789D8C9-97BE-47F0-8CA4-9FCB98FCD76E}.Release|x86.ActiveCfg = Release|x86
		{E789D8C9-97BE-47F0-8CA4-9FCB98FCD76E}.Release|x86.Build.0 = Release|x86
		{3F902670-6DF6-48E2-BF4B-9A63301F41C2}.Debug|Any CPU.ActiveCfg = Debug|Any CPU
		{3F902670-6DF6-48E2-BF4B-9A63301F41C2}.Debug|Any CPU.Build.0 = Debug|Any CPU
		{3F902670-6DF6-48E2-BF4B-9A63301F41C2}.Debug|x64.ActiveCfg = Debug|Any CPU
		{3F902670-6DF6-48E2-BF4B-9A63301F41C2}.Debug|x64.Build.0 = Debug|Any CPU
		{3F902670-6DF6-48E2-BF4B-9A63301F41C2}.Debug|x86.ActiveCfg = Debug|x86
		{3F902670-6DF6-48E2-BF4B-9A63301F41C2}.Debug|x86.Build.0 = Debug|x86
		{3F902670-6DF6-48E2-BF4B-9A63301F41C2}.Release|Any CPU.ActiveCfg = Release|Any CPU
		{3F902670-6DF6-48E2-BF4B-9A63301F41C2}.Release|Any CPU.Build.0 = Release|Any CPU
		{3F902670-6DF6-48E2-BF4B-9A63301F41C2}.Release|x64.ActiveCfg = Release|Any CPU
		{3F902670-6DF6-48E2-BF4B-9A63301F41C2}.Release|x64.Build.0 = Release|Any CPU
		{3F902670-6DF6-48E2-BF4B-9A63301F41C2}.Release|x86.ActiveCfg = Release|x86
		{3F902670-6DF6-48E2-BF4B-9A63301F41C2}.Release|x86.Build.0 = Release|x86
		{74296D18-18DC-40A0-82F2-4A86D3B76D3A}.Debug|Any CPU.ActiveCfg = Debug|Any CPU
		{74296D18-18DC-40A0-82F2-4A86D3B76D3A}.Debug|Any CPU.Build.0 = Debug|Any CPU
		{74296D18-18DC-40A0-82F2-4A86D3B76D3A}.Debug|x64.ActiveCfg = Debug|Any CPU
		{74296D18-18DC-40A0-82F2-4A86D3B76D3A}.Debug|x64.Build.0 = Debug|Any CPU
		{74296D18-18DC-40A0-82F2-4A86D3B76D3A}.Debug|x86.ActiveCfg = Debug|x86
		{74296D18-18DC-40A0-82F2-4A86D3B76D3A}.Debug|x86.Build.0 = Debug|x86
		{74296D18-18DC-40A0-82F2-4A86D3B76D3A}.Release|Any CPU.ActiveCfg = Release|Any CPU
		{74296D18-18DC-40A0-82F2-4A86D3B76D3A}.Release|Any CPU.Build.0 = Release|Any CPU
		{74296D18-18DC-40A0-82F2-4A86D3B76D3A}.Release|x64.ActiveCfg = Release|Any CPU
		{74296D18-18DC-40A0-82F2-4A86D3B76D3A}.Release|x64.Build.0 = Release|Any CPU
		{74296D18-18DC-40A0-82F2-4A86D3B76D3A}.Release|x86.ActiveCfg = Release|x86
		{74296D18-18DC-40A0-82F2-4A86D3B76D3A}.Release|x86.Build.0 = Release|x86
		{04BFEB27-681B-4157-8FFB-D0C56AA712E9}.Debug|Any CPU.ActiveCfg = Debug|Any CPU
		{04BFEB27-681B-4157-8FFB-D0C56AA712E9}.Debug|Any CPU.Build.0 = Debug|Any CPU
		{04BFEB27-681B-4157-8FFB-D0C56AA712E9}.Debug|x64.ActiveCfg = Debug|Any CPU
		{04BFEB27-681B-4157-8FFB-D0C56AA712E9}.Debug|x64.Build.0 = Debug|Any CPU
		{04BFEB27-681B-4157-8FFB-D0C56AA712E9}.Debug|x86.ActiveCfg = Debug|x86
		{04BFEB27-681B-4157-8FFB-D0C56AA712E9}.Debug|x86.Build.0 = Debug|x86
		{04BFEB27-681B-4157-8FFB-D0C56AA712E9}.Release|Any CPU.ActiveCfg = Release|Any CPU
		{04BFEB27-681B-4157-8FFB-D0C56AA712E9}.Release|Any CPU.Build.0 = Release|Any CPU
		{04BFEB27-681B-4157-8FFB-D0C56AA712E9}.Release|x64.ActiveCfg = Release|Any CPU
		{04BFEB27-681B-4157-8FFB-D0C56AA712E9}.Release|x64.Build.0 = Release|Any CPU
		{04BFEB27-681B-4157-8FFB-D0C56AA712E9}.Release|x86.ActiveCfg = Release|x86
		{04BFEB27-681B-4157-8FFB-D0C56AA712E9}.Release|x86.Build.0 = Release|x86
	EndGlobalSection
	GlobalSection(SolutionProperties) = preSolution
		HideSolutionNode = FALSE
	EndGlobalSection
EndGlobal
