
Microsoft Visual Studio Solution File, Format Version 12.00
# Visual Studio 14
VisualStudioVersion = 14.0.25420.1
MinimumVisualStudioVersion = 10.0.40219.1
Project("{FAE04EC0-301F-11D3-BF4B-00C04F79EFBC}") = "Template", "Template\Template.csproj", "{BE5E4699-C581-4930-AC5E-7F61CAB140AB}"
EndProject
Project("{FAE04EC0-301F-11D3-BF4B-00C04F79EFBC}") = "SmiteUnificado", "Smite\SmiteUnificado.csproj", "{88BFEDBA-67E6-495F-A99F-D76FB39F309A}"
EndProject
Project("{FAE04EC0-301F-11D3-BF4B-00C04F79EFBC}") = "SmiteOnMob", "SmiteOnMob\SmiteOnMob.csproj", "{97EB3EE9-C89F-4A1D-AA62-84C7760F589B}"
EndProject
Project("{2150E333-8FDC-42A3-9474-1A3956D46DE8}") = "YaK", "YaK", "{AAFEAA90-8C3E-411E-AD46-7E09AE0F6E43}"
EndProject
Project("{FAE04EC0-301F-11D3-BF4B-00C04F79EFBC}") = "SmiteOnPlayer", "SmiteOnPlayer\SmiteOnPlayer.csproj", "{EC2A3010-43F2-44EE-9BAF-B4FB30543766}"
EndProject
Project("{FAE04EC0-301F-11D3-BF4B-00C04F79EFBC}") = "MasteryEmote", "MasteryEmote\MasteryEmote.csproj", "{3B977DBE-4A60-4896-A1CE-FC85F9C68FA7}"
EndProject
Project("{FAE04EC0-301F-11D3-BF4B-00C04F79EFBC}") = "IgniteOnPlayer", "IgniteOnPlayer\IgniteOnPlayer.csproj", "{18BC37DB-8CFB-4869-9EEE-88CFEFB5A5E0}"
EndProject
Project("{2150E333-8FDC-42A3-9474-1A3956D46DE8}") = "SummonerSpells", "SummonerSpells", "{04D85214-43A3-4024-9F9D-B8287E189DD1}"
EndProject
Project("{FAE04EC0-301F-11D3-BF4B-00C04F79EFBC}") = "Heal", "Heal\Heal.csproj", "{FBFB6FEE-C2EF-41CF-B668-0F9821ACDF48}"
EndProject
Project("{2150E333-8FDC-42A3-9474-1A3956D46DE8}") = "Randon", "Randon", "{53F2D199-265B-4600-97E2-FA262B96748F}"
EndProject
Project("{2150E333-8FDC-42A3-9474-1A3956D46DE8}") = "Champions", "Champions", "{3414A6ED-D3B8-453B-B130-35791890A0C4}"
EndProject
Project("{FAE04EC0-301F-11D3-BF4B-00C04F79EFBC}") = "Nautilus", "Nautilus\Nautilus.csproj", "{47CFE443-A2E0-431E-BB29-28EDFF2A144E}"
EndProject
Project("{FAE04EC0-301F-11D3-BF4B-00C04F79EFBC}") = "Spammer", "Spammer\Spammer.csproj", "{9A1BF063-0A3E-4B0D-8B5F-D3519A64AF01}"
EndProject
Project("{FAE04EC0-301F-11D3-BF4B-00C04F79EFBC}") = "AutoJanna", "AutoJanna\AutoJanna.csproj", "{ADFD46A9-59DF-4C73-83DA-0BA2211FE98F}"
EndProject
Project("{FAE04EC0-301F-11D3-BF4B-00C04F79EFBC}") = "ZedChampionship", "ZedChampionship\ZedChampionship.csproj", "{3D58A420-4C6F-4195-ABE8-6C0C53DA076B}"
EndProject
Project("{FAE04EC0-301F-11D3-BF4B-00C04F79EFBC}") = "Brazilian Lux", "Brazilian Lux\Brazilian Lux.csproj", "{5A0A82C7-474A-48AD-8DD0-3449818AF04E}"
EndProject
Global
	GlobalSection(SolutionConfigurationPlatforms) = preSolution
		Debug|Any CPU = Debug|Any CPU
		Release|Any CPU = Release|Any CPU
	EndGlobalSection
	GlobalSection(ProjectConfigurationPlatforms) = postSolution
		{BE5E4699-C581-4930-AC5E-7F61CAB140AB}.Debug|Any CPU.ActiveCfg = Debug|Any CPU
		{BE5E4699-C581-4930-AC5E-7F61CAB140AB}.Debug|Any CPU.Build.0 = Debug|Any CPU
		{BE5E4699-C581-4930-AC5E-7F61CAB140AB}.Release|Any CPU.ActiveCfg = Release|Any CPU
		{BE5E4699-C581-4930-AC5E-7F61CAB140AB}.Release|Any CPU.Build.0 = Release|Any CPU
		{88BFEDBA-67E6-495F-A99F-D76FB39F309A}.Debug|Any CPU.ActiveCfg = Debug|Any CPU
		{88BFEDBA-67E6-495F-A99F-D76FB39F309A}.Debug|Any CPU.Build.0 = Debug|Any CPU
		{88BFEDBA-67E6-495F-A99F-D76FB39F309A}.Release|Any CPU.ActiveCfg = Release|Any CPU
		{88BFEDBA-67E6-495F-A99F-D76FB39F309A}.Release|Any CPU.Build.0 = Release|Any CPU
		{97EB3EE9-C89F-4A1D-AA62-84C7760F589B}.Debug|Any CPU.ActiveCfg = Debug|Any CPU
		{97EB3EE9-C89F-4A1D-AA62-84C7760F589B}.Debug|Any CPU.Build.0 = Debug|Any CPU
		{97EB3EE9-C89F-4A1D-AA62-84C7760F589B}.Release|Any CPU.ActiveCfg = Release|Any CPU
		{97EB3EE9-C89F-4A1D-AA62-84C7760F589B}.Release|Any CPU.Build.0 = Release|Any CPU
		{EC2A3010-43F2-44EE-9BAF-B4FB30543766}.Debug|Any CPU.ActiveCfg = Debug|Any CPU
		{EC2A3010-43F2-44EE-9BAF-B4FB30543766}.Debug|Any CPU.Build.0 = Debug|Any CPU
		{EC2A3010-43F2-44EE-9BAF-B4FB30543766}.Release|Any CPU.ActiveCfg = Release|Any CPU
		{EC2A3010-43F2-44EE-9BAF-B4FB30543766}.Release|Any CPU.Build.0 = Release|Any CPU
		{3B977DBE-4A60-4896-A1CE-FC85F9C68FA7}.Debug|Any CPU.ActiveCfg = Debug|Any CPU
		{3B977DBE-4A60-4896-A1CE-FC85F9C68FA7}.Debug|Any CPU.Build.0 = Debug|Any CPU
		{3B977DBE-4A60-4896-A1CE-FC85F9C68FA7}.Release|Any CPU.ActiveCfg = Release|Any CPU
		{3B977DBE-4A60-4896-A1CE-FC85F9C68FA7}.Release|Any CPU.Build.0 = Release|Any CPU
		{18BC37DB-8CFB-4869-9EEE-88CFEFB5A5E0}.Debug|Any CPU.ActiveCfg = Debug|Any CPU
		{18BC37DB-8CFB-4869-9EEE-88CFEFB5A5E0}.Debug|Any CPU.Build.0 = Debug|Any CPU
		{18BC37DB-8CFB-4869-9EEE-88CFEFB5A5E0}.Release|Any CPU.ActiveCfg = Release|Any CPU
		{18BC37DB-8CFB-4869-9EEE-88CFEFB5A5E0}.Release|Any CPU.Build.0 = Release|Any CPU
		{FBFB6FEE-C2EF-41CF-B668-0F9821ACDF48}.Debug|Any CPU.ActiveCfg = Debug|Any CPU
		{FBFB6FEE-C2EF-41CF-B668-0F9821ACDF48}.Debug|Any CPU.Build.0 = Debug|Any CPU
		{FBFB6FEE-C2EF-41CF-B668-0F9821ACDF48}.Release|Any CPU.ActiveCfg = Release|Any CPU
		{FBFB6FEE-C2EF-41CF-B668-0F9821ACDF48}.Release|Any CPU.Build.0 = Release|Any CPU
		{47CFE443-A2E0-431E-BB29-28EDFF2A144E}.Debug|Any CPU.ActiveCfg = Debug|Any CPU
		{47CFE443-A2E0-431E-BB29-28EDFF2A144E}.Debug|Any CPU.Build.0 = Debug|Any CPU
		{47CFE443-A2E0-431E-BB29-28EDFF2A144E}.Release|Any CPU.ActiveCfg = Release|Any CPU
		{47CFE443-A2E0-431E-BB29-28EDFF2A144E}.Release|Any CPU.Build.0 = Release|Any CPU
		{9A1BF063-0A3E-4B0D-8B5F-D3519A64AF01}.Debug|Any CPU.ActiveCfg = Debug|Any CPU
		{9A1BF063-0A3E-4B0D-8B5F-D3519A64AF01}.Debug|Any CPU.Build.0 = Debug|Any CPU
		{9A1BF063-0A3E-4B0D-8B5F-D3519A64AF01}.Release|Any CPU.ActiveCfg = Release|Any CPU
		{9A1BF063-0A3E-4B0D-8B5F-D3519A64AF01}.Release|Any CPU.Build.0 = Release|Any CPU
		{ADFD46A9-59DF-4C73-83DA-0BA2211FE98F}.Debug|Any CPU.ActiveCfg = Debug|Any CPU
		{ADFD46A9-59DF-4C73-83DA-0BA2211FE98F}.Debug|Any CPU.Build.0 = Debug|Any CPU
		{ADFD46A9-59DF-4C73-83DA-0BA2211FE98F}.Release|Any CPU.ActiveCfg = Release|Any CPU
		{ADFD46A9-59DF-4C73-83DA-0BA2211FE98F}.Release|Any CPU.Build.0 = Release|Any CPU
		{3D58A420-4C6F-4195-ABE8-6C0C53DA076B}.Debug|Any CPU.ActiveCfg = Debug|Any CPU
		{3D58A420-4C6F-4195-ABE8-6C0C53DA076B}.Debug|Any CPU.Build.0 = Debug|Any CPU
		{3D58A420-4C6F-4195-ABE8-6C0C53DA076B}.Release|Any CPU.ActiveCfg = Release|Any CPU
		{3D58A420-4C6F-4195-ABE8-6C0C53DA076B}.Release|Any CPU.Build.0 = Release|Any CPU
		{5A0A82C7-474A-48AD-8DD0-3449818AF04E}.Debug|Any CPU.ActiveCfg = Debug|Any CPU
		{5A0A82C7-474A-48AD-8DD0-3449818AF04E}.Debug|Any CPU.Build.0 = Debug|Any CPU
		{5A0A82C7-474A-48AD-8DD0-3449818AF04E}.Release|Any CPU.ActiveCfg = Release|Any CPU
		{5A0A82C7-474A-48AD-8DD0-3449818AF04E}.Release|Any CPU.Build.0 = Release|Any CPU
	EndGlobalSection
	GlobalSection(SolutionProperties) = preSolution
		HideSolutionNode = FALSE
	EndGlobalSection
	GlobalSection(NestedProjects) = preSolution
		{88BFEDBA-67E6-495F-A99F-D76FB39F309A} = {04D85214-43A3-4024-9F9D-B8287E189DD1}
		{97EB3EE9-C89F-4A1D-AA62-84C7760F589B} = {04D85214-43A3-4024-9F9D-B8287E189DD1}
		{EC2A3010-43F2-44EE-9BAF-B4FB30543766} = {04D85214-43A3-4024-9F9D-B8287E189DD1}
		{3B977DBE-4A60-4896-A1CE-FC85F9C68FA7} = {53F2D199-265B-4600-97E2-FA262B96748F}
		{18BC37DB-8CFB-4869-9EEE-88CFEFB5A5E0} = {04D85214-43A3-4024-9F9D-B8287E189DD1}
		{04D85214-43A3-4024-9F9D-B8287E189DD1} = {AAFEAA90-8C3E-411E-AD46-7E09AE0F6E43}
		{FBFB6FEE-C2EF-41CF-B668-0F9821ACDF48} = {04D85214-43A3-4024-9F9D-B8287E189DD1}
		{53F2D199-265B-4600-97E2-FA262B96748F} = {AAFEAA90-8C3E-411E-AD46-7E09AE0F6E43}
		{3414A6ED-D3B8-453B-B130-35791890A0C4} = {AAFEAA90-8C3E-411E-AD46-7E09AE0F6E43}
		{47CFE443-A2E0-431E-BB29-28EDFF2A144E} = {3414A6ED-D3B8-453B-B130-35791890A0C4}
		{9A1BF063-0A3E-4B0D-8B5F-D3519A64AF01} = {53F2D199-265B-4600-97E2-FA262B96748F}
		{3D58A420-4C6F-4195-ABE8-6C0C53DA076B} = {3414A6ED-D3B8-453B-B130-35791890A0C4}
	EndGlobalSection
EndGlobal
